
Microsoft Visual Studio Solution File, Format Version 12.00
# Visual Studio Version 17
VisualStudioVersion = 17.10.35013.160
MinimumVisualStudioVersion = 10.0.40219.1
Project("{FAE04EC0-301F-11D3-BF4B-00C04F79EFBC}") = "MVCCRUD", "MVCCRUD.csproj", "{CE42CF3A-0979-437E-8C26-B3102E24C855}"
EndProject
Global
	GlobalSection(SolutionConfigurationPlatforms) = preSolution
		Debug|Any CPU = Debug|Any CPU
		Release|Any CPU = Release|Any CPU
	EndGlobalSection
	GlobalSection(ProjectConfigurationPlatforms) = postSolution
		{CE42CF3A-0979-437E-8C26-B3102E24C855}.Debug|Any CPU.ActiveCfg = Debug|Any CPU
		{CE42CF3A-0979-437E-8C26-B3102E24C855}.Debug|Any CPU.Build.0 = Debug|Any CPU
		{CE42CF3A-0979-437E-8C26-B3102E24C855}.Release|Any CPU.ActiveCfg = Release|Any CPU
		{CE42CF3A-0979-437E-8C26-B3102E24C855}.Release|Any CPU.Build.0 = Release|Any CPU
	EndGlobalSection
	GlobalSection(SolutionProperties) = preSolution
		HideSolutionNode = FALSE
	EndGlobalSection
	GlobalSection(ExtensibilityGlobals) = postSolution
		SolutionGuid = {8CDD6C1C-4733-4D68-AC53-6DE464F8B0DA}
	EndGlobalSection
EndGlobal
